
Microsoft Visual Studio Solution File, Format Version 12.00
# Visual Studio 15
VisualStudioVersion = 15.0.27428.2015
MinimumVisualStudioVersion = 10.0.40219.1
Project("{9A19103F-16F7-4668-BE54-9A1E7A4F7556}") = "TestAngularServerSideRendering", "TestAngularServerSideRendering.csproj", "{201A4676-F6BC-4D88-94A9-B486C3A809EB}"
EndProject
Global
	GlobalSection(SolutionConfigurationPlatforms) = preSolution
		Debug|Any CPU = Debug|Any CPU
		Release|Any CPU = Release|Any CPU
	EndGlobalSection
	GlobalSection(ProjectConfigurationPlatforms) = postSolution
		{201A4676-F6BC-4D88-94A9-B486C3A809EB}.Debug|Any CPU.ActiveCfg = Debug|Any CPU
		{201A4676-F6BC-4D88-94A9-B486C3A809EB}.Debug|Any CPU.Build.0 = Debug|Any CPU
		{201A4676-F6BC-4D88-94A9-B486C3A809EB}.Release|Any CPU.ActiveCfg = Release|Any CPU
		{201A4676-F6BC-4D88-94A9-B486C3A809EB}.Release|Any CPU.Build.0 = Release|Any CPU
	EndGlobalSection
	GlobalSection(SolutionProperties) = preSolution
		HideSolutionNode = FALSE
	EndGlobalSection
	GlobalSection(ExtensibilityGlobals) = postSolution
		SolutionGuid = {3E590FB7-28C6-437C-8488-BC9AB34382B4}
	EndGlobalSection
EndGlobal
